// !$*UTF8*$!
{
	archiveVersion = 1;
	classes = {
	};
	objectVersion = 55;
	objects = {

/* Begin PBXBuildFile section */
		2DAFE59C278828C400B6A878 /* AppDelegate.swift in Sources */ = {isa = PBXBuildFile; fileRef = 2DAFE59B278828C400B6A878 /* AppDelegate.swift */; };
		2DAFE59E278828C400B6A878 /* SceneDelegate.swift in Sources */ = {isa = PBXBuildFile; fileRef = 2DAFE59D278828C400B6A878 /* SceneDelegate.swift */; };
		2DAFE5A0278828C400B6A878 /* ViewController.swift in Sources */ = {isa = PBXBuildFile; fileRef = 2DAFE59F278828C400B6A878 /* ViewController.swift */; };
		2DAFE5A3278828C400B6A878 /* Main.storyboard in Resources */ = {isa = PBXBuildFile; fileRef = 2DAFE5A1278828C400B6A878 /* Main.storyboard */; };
		2DAFE5A5278828C500B6A878 /* Assets.xcassets in Resources */ = {isa = PBXBuildFile; fileRef = 2DAFE5A4278828C500B6A878 /* Assets.xcassets */; };
		2DAFE5A8278828C500B6A878 /* LaunchScreen.storyboard in Resources */ = {isa = PBXBuildFile; fileRef = 2DAFE5A6278828C500B6A878 /* LaunchScreen.storyboard */; };
		2DAFE5B027882DE700B6A878 /* SehirCollectionViewCell.swift in Sources */ = {isa = PBXBuildFile; fileRef = 2DAFE5AF27882DE700B6A878 /* SehirCollectionViewCell.swift */; };
		2DAFE5B62788367100B6A878 /* sehir.swift in Sources */ = {isa = PBXBuildFile; fileRef = 2DAFE5B52788367100B6A878 /* sehir.swift */; };
		2DAFE5B82788521E00B6A878 /* imageViewController.swift in Sources */ = {isa = PBXBuildFile; fileRef = 2DAFE5B72788521E00B6A878 /* imageViewController.swift */; };
/* End PBXBuildFile section */

/* Begin PBXFileReference section */
		2DAFE598278828C400B6A878 /* LandMarkBook.app */ = {isa = PBXFileReference; explicitFileType = wrapper.application; includeInIndex = 0; path = LandMarkBook.app; sourceTree = BUILT_PRODUCTS_DIR; };
		2DAFE59B278828C400B6A878 /* AppDelegate.swift */ = {isa = PBXFileReference; lastKnownFileType = sourcecode.swift; path = AppDelegate.swift; sourceTree = "<group>"; };
		2DAFE59D278828C400B6A878 /* SceneDelegate.swift */ = {isa = PBXFileReference; lastKnownFileType = sourcecode.swift; path = SceneDelegate.swift; sourceTree = "<group>"; };
		2DAFE59F278828C400B6A878 /* ViewController.swift */ = {isa = PBXFileReference; lastKnownFileType = sourcecode.swift; path = ViewController.swift; sourceTree = "<group>"; };
		2DAFE5A2278828C400B6A878 /* Base */ = {isa = PBXFileReference; lastKnownFileType = file.storyboard; name = Base; path = Base.lproj/Main.storyboard; sourceTree = "<group>"; };
		2DAFE5A4278828C500B6A878 /* Assets.xcassets */ = {isa = PBXFileReference; lastKnownFileType = folder.assetcatalog; path = Assets.xcassets; sourceTree = "<group>"; };
		2DAFE5A7278828C500B6A878 /* Base */ = {isa = PBXFileReference; lastKnownFileType = file.storyboard; name = Base; path = Base.lproj/LaunchScreen.storyboard; sourceTree = "<group>"; };
		2DAFE5A9278828C500B6A878 /* Info.plist */ = {isa = PBXFileReference; lastKnownFileType = text.plist.xml; path = Info.plist; sourceTree = "<group>"; };
		2DAFE5AF27882DE700B6A878 /* SehirCollectionViewCell.swift */ = {isa = PBXFileReference; lastKnownFileType = sourcecode.swift; path = SehirCollectionViewCell.swift; sourceTree = "<group>"; };
		2DAFE5B52788367100B6A878 /* sehir.swift */ = {isa = PBXFileReference; lastKnownFileType = sourcecode.swift; path = sehir.swift; sourceTree = "<group>"; };
		2DAFE5B72788521E00B6A878 /* imageViewController.swift */ = {isa = PBXFileReference; lastKnownFileType = sourcecode.swift; path = imageViewController.swift; sourceTree = "<group>"; };
/* End PBXFileReference section */

/* Begin PBXFrameworksBuildPhase section */
		2DAFE595278828C400B6A878 /* Frameworks */ = {
			isa = PBXFrameworksBuildPhase;
			buildActionMask = 2147483647;
			files = (
			);
			runOnlyForDeploymentPostprocessing = 0;
		};
/* End PBXFrameworksBuildPhase section */

/* Begin PBXGroup section */
		2DAFE58F278828C400B6A878 = {
			isa = PBXGroup;
			children = (
				2DAFE59A278828C400B6A878 /* LandMarkBook */,
				2DAFE599278828C400B6A878 /* Products */,
			);
			sourceTree = "<group>";
		};
		2DAFE599278828C400B6A878 /* Products */ = {
			isa = PBXGroup;
			children = (
				2DAFE598278828C400B6A878 /* LandMarkBook.app */,
			);
			name = Products;
			sourceTree = "<group>";
		};
		2DAFE59A278828C400B6A878 /* LandMarkBook */ = {
			isa = PBXGroup;
			children = (
				2DAFE59B278828C400B6A878 /* AppDelegate.swift */,
				2DAFE59D278828C400B6A878 /* SceneDelegate.swift */,
				2DAFE59F278828C400B6A878 /* ViewController.swift */,
				2DAFE5A1278828C400B6A878 /* Main.storyboard */,
				2DAFE5A4278828C500B6A878 /* Assets.xcassets */,
				2DAFE5A6278828C500B6A878 /* LaunchScreen.storyboard */,
				2DAFE5A9278828C500B6A878 /* Info.plist */,
				2DAFE5AF27882DE700B6A878 /* SehirCollectionViewCell.swift */,
				2DAFE5B52788367100B6A878 /* sehir.swift */,
				2DAFE5B72788521E00B6A878 /* imageViewController.swift */,
			);
			path = LandMarkBook;
			sourceTree = "<group>";
		};
/* End PBXGroup section */

/* Begin PBXNativeTarget section */
		2DAFE597278828C400B6A878 /* LandMarkBook */ = {
			isa = PBXNativeTarget;
			buildConfigurationList = 2DAFE5AC278828C500B6A878 /* Build configuration list for PBXNativeTarget "LandMarkBook" */;
			buildPhases = (
				2DAFE594278828C400B6A878 /* Sources */,
				2DAFE595278828C400B6A878 /* Frameworks */,
				2DAFE596278828C400B6A878 /* Resources */,
			);
			buildRules = (
			);
			dependencies = (
			);
			name = LandMarkBook;
			productName = LandMarkBook;
			productReference = 2DAFE598278828C400B6A878 /* LandMarkBook.app */;
			productType = "com.apple.product-type.application";
		};
/* End PBXNativeTarget section */

/* Begin PBXProject section */
		2DAFE590278828C400B6A878 /* Project object */ = {
			isa = PBXProject;
			attributes = {
				BuildIndependentTargetsInParallel = 1;
				LastSwiftUpdateCheck = 1320;
				LastUpgradeCheck = 1320;
				TargetAttributes = {
					2DAFE597278828C400B6A878 = {
						CreatedOnToolsVersion = 13.2.1;
					};
				};
			};
			buildConfigurationList = 2DAFE593278828C400B6A878 /* Build configuration list for PBXProject "LandMarkBook" */;
			compatibilityVersion = "Xcode 13.0";
			developmentRegion = en;
			hasScannedForEncodings = 0;
			knownRegions = (
				en,
				Base,
			);
			mainGroup = 2DAFE58F278828C400B6A878;
			productRefGroup = 2DAFE599278828C400B6A878 /* Products */;
			projectDirPath = "";
			projectRoot = "";
			targets = (
				2DAFE597278828C400B6A878 /* LandMarkBook */,
			);
		};
/* End PBXProject section */

/* Begin PBXResourcesBuildPhase section */
		2DAFE596278828C400B6A878 /* Resources */ = {
			isa = PBXResourcesBuildPhase;
			buildActionMask = 2147483647;
			files = (
				2DAFE5A8278828C500B6A878 /* LaunchScreen.storyboard in Resources */,
				2DAFE5A5278828C500B6A878 /* Assets.xcassets in Resources */,
				2DAFE5A3278828C400B6A878 /* Main.storyboard in Resources */,
			);
			runOnlyForDeploymentPostprocessing = 0;
		};
/* End PBXResourcesBuildPhase section */

/* Begin PBXSourcesBuildPhase section */
		2DAFE594278828C400B6A878 /* Sources */ = {
			isa = PBXSourcesBuildPhase;
			buildActionMask = 2147483647;
			files = (
				2DAFE5B82788521E00B6A878 /* imageViewController.swift in Sources */,
				2DAFE5A0278828C400B6A878 /* ViewController.swift in Sources */,
				2DAFE59C278828C400B6A878 /* AppDelegate.swift in Sources */,
				2DAFE5B027882DE700B6A878 /* SehirCollectionViewCell.swift in Sources */,
				2DAFE5B62788367100B6A878 /* sehir.swift in Sources */,
				2DAFE59E278828C400B6A878 /* SceneDelegate.swift in Sources */,
			);
			runOnlyForDeploymentPostprocessing = 0;
		};
/* End PBXSourcesBuildPhase section */

/* Begin PBXVariantGroup section */
		2DAFE5A1278828C400B6A878 /* Main.storyboard */ = {
			isa = PBXVariantGroup;
			children = (
				2DAFE5A2278828C400B6A878 /* Base */,
			);
			name = Main.storyboard;
			sourceTree = "<group>";
		};
		2DAFE5A6278828C500B6A878 /* LaunchScreen.storyboard */ = {
			isa = PBXVariantGroup;
			children = (
				2DAFE5A7278828C500B6A878 /* Base */,
			);
			name = LaunchScreen.storyboard;
			sourceTree = "<group>";
		};
/* End PBXVariantGroup section */

/* Begin XCBuildConfiguration section */
		2DAFE5AA278828C500B6A878 /* Debug */ = {
			isa = XCBuildConfiguration;
			buildSettings = {
				ALWAYS_SEARCH_USER_PATHS = NO;
				CLANG_ANALYZER_NONNULL = YES;
				CLANG_ANALYZER_NUMBER_OBJECT_CONVERSION = YES_AGGRESSIVE;
				CLANG_CXX_LANGUAGE_STANDARD = "gnu++17";
				CLANG_CXX_LIBRARY = "libc++";
				CLANG_ENABLE_MODULES = YES;
				CLANG_ENABLE_OBJC_ARC = YES;
				CLANG_ENABLE_OBJC_WEAK = YES;
				CLANG_WARN_BLOCK_CAPTURE_AUTORELEASING = YES;
				CLANG_WARN_BOOL_CONVERSION = YES;
				CLANG_WARN_COMMA = YES;
				CLANG_WARN_CONSTANT_CONVERSION = YES;
				CLANG_WARN_DEPRECATED_OBJC_IMPLEMENTATIONS = YES;
				CLANG_WARN_DIRECT_OBJC_ISA_USAGE = YES_ERROR;
				CLANG_WARN_DOCUMENTATION_COMMENTS = YES;
				CLANG_WARN_EMPTY_BODY = YES;
				CLANG_WARN_ENUM_CONVERSION = YES;
				CLANG_WARN_INFINITE_RECURSION = YES;
				CLANG_WARN_INT_CONVERSION = YES;
				CLANG_WARN_NON_LITERAL_NULL_CONVERSION = YES;
				CLANG_WARN_OBJC_IMPLICIT_RETAIN_SELF = YES;
				CLANG_WARN_OBJC_LITERAL_CONVERSION = YES;
				CLANG_WARN_OBJC_ROOT_CLASS = YES_ERROR;
				CLANG_WARN_QUOTED_INCLUDE_IN_FRAMEWORK_HEADER = YES;
				CLANG_WARN_RANGE_LOOP_ANALYSIS = YES;
				CLANG_WARN_STRICT_PROTOTYPES = YES;
				CLANG_WARN_SUSPICIOUS_MOVE = YES;
				CLANG_WARN_UNGUARDED_AVAILABILITY = YES_AGGRESSIVE;
				CLANG_WARN_UNREACHABLE_CODE = YES;
				CLANG_WARN__DUPLICATE_METHOD_MATCH = YES;
				COPY_PHASE_STRIP = NO;
				DEBUG_INFORMATION_FORMAT = dwarf;
				ENABLE_STRICT_OBJC_MSGSEND = YES;
				ENABLE_TESTABILITY = YES;
				GCC_C_LANGUAGE_STANDARD = gnu11;
				GCC_DYNAMIC_NO_PIC = NO;
				GCC_NO_COMMON_BLOCKS = YES;
				GCC_OPTIMIZATION_LEVEL = 0;
				GCC_PREPROCESSOR_DEFINITIONS = (
					"DEBUG=1",
					"$(inherited)",
				);
				GCC_WARN_64_TO_32_BIT_CONVERSION = YES;
				GCC_WARN_ABOUT_RETURN_TYPE = YES_ERROR;
				GCC_WARN_UNDECLARED_SELECTOR = YES;
				GCC_WARN_UNINITIALIZED_AUTOS = YES_AGGRESSIVE;
				GCC_WARN_UNUSED_FUNCTION = YES;
				GCC_WARN_UNUSED_VARIABLE = YES;
				IPHONEOS_DEPLOYMENT_TARGET = 15.2;
				MTL_ENABLE_DEBUG_INFO = INCLUDE_SOURCE;
				MTL_FAST_MATH = YES;
				ONLY_ACTIVE_ARCH = YES;
				SDKROOT = iphoneos;
				SWIFT_ACTIVE_COMPILATION_CONDITIONS = DEBUG;
				SWIFT_OPTIMIZATION_LEVEL = "-Onone";
			};
			name = Debug;
		};
		2DAFE5AB278828C500B6A878 /* Release */ = {
			isa = XCBuildConfiguration;
			buildSettings = {
				ALWAYS_SEARCH_USER_PATHS = NO;
				CLANG_ANALYZER_NONNULL = YES;
				CLANG_ANALYZER_NUMBER_OBJECT_CONVERSION = YES_AGGRESSIVE;
				CLANG_CXX_LANGUAGE_STANDARD = "gnu++17";
				CLANG_CXX_LIBRARY = "libc++";
				CLANG_ENABLE_MODULES = YES;
				CLANG_ENABLE_OBJC_ARC = YES;
				CLANG_ENABLE_OBJC_WEAK = YES;
				CLANG_WARN_BLOCK_CAPTURE_AUTORELEASING = YES;
				CLANG_WARN_BOOL_CONVERSION = YES;
				CLANG_WARN_COMMA = YES;
				CLANG_WARN_CONSTANT_CONVERSION = YES;
				CLANG_WARN_DEPRECATED_OBJC_IMPLEMENTATIONS = YES;
				CLANG_WARN_DIRECT_OBJC_ISA_USAGE = YES_ERROR;
				CLANG_WARN_DOCUMENTATION_COMMENTS = YES;
				CLANG_WARN_EMPTY_BODY = YES;
				CLANG_WARN_ENUM_CONVERSION = YES;
				CLANG_WARN_INFINITE_RECURSION = YES;
				CLANG_WARN_INT_CONVERSION = YES;
				CLANG_WARN_NON_LITERAL_NULL_CONVERSION = YES;
				CLANG_WARN_OBJC_IMPLICIT_RETAIN_SELF = YES;
				CLANG_WARN_OBJC_LITERAL_CONVERSION = YES;
				CLANG_WARN_OBJC_ROOT_CLASS = YES_ERROR;
				CLANG_WARN_QUOTED_INCLUDE_IN_FRAMEWORK_HEADER = YES;
				CLANG_WARN_RANGE_LOOP_ANALYSIS = YES;
				CLANG_WARN_STRICT_PROTOTYPES = YES;
				CLANG_WARN_SUSPICIOUS_MOVE = YES;
				CLANG_WARN_UNGUARDED_AVAILABILITY = YES_AGGRESSIVE;
				CLANG_WARN_UNREACHABLE_CODE = YES;
				CLANG_WARN__DUPLICATE_METHOD_MATCH = YES;
				COPY_PHASE_STRIP = NO;
				DEBUG_INFORMATION_FORMAT = "dwarf-with-dsym";
				ENABLE_NS_ASSERTIONS = NO;
				ENABLE_STRICT_OBJC_MSGSEND = YES;
				GCC_C_LANGUAGE_STANDARD = gnu11;
				GCC_NO_COMMON_BLOCKS = YES;
				GCC_WARN_64_TO_32_BIT_CONVERSION = YES;
				GCC_WARN_ABOUT_RETURN_TYPE = YES_ERROR;
				GCC_WARN_UNDECLARED_SELECTOR = YES;
				GCC_WARN_UNINITIALIZED_AUTOS = YES_AGGRESSIVE;
				GCC_WARN_UNUSED_FUNCTION = YES;
				GCC_WARN_UNUSED_VARIABLE = YES;
				IPHONEOS_DEPLOYMENT_TARGET = 15.2;
				MTL_ENABLE_DEBUG_INFO = NO;
				MTL_FAST_MATH = YES;
				SDKROOT = iphoneos;
				SWIFT_COMPILATION_MODE = wholemodule;
				SWIFT_OPTIMIZATION_LEVEL = "-O";
				VALIDATE_PRODUCT = YES;
			};
			name = Release;
		};
		2DAFE5AD278828C500B6A878 /* Debug */ = {
			isa = XCBuildConfiguration;
			buildSettings = {
				ASSETCATALOG_COMPILER_APPICON_NAME = AppIcon;
				ASSETCATALOG_COMPILER_GLOBAL_ACCENT_COLOR_NAME = AccentColor;
				CODE_SIGN_STYLE = Automatic;
				CURRENT_PROJECT_VERSION = 1;
				GENERATE_INFOPLIST_FILE = YES;
				INFOPLIST_FILE = LandMarkBook/Info.plist;
				INFOPLIST_KEY_UIApplicationSupportsIndirectInputEvents = YES;
				INFOPLIST_KEY_UILaunchStoryboardName = LaunchScreen;
				INFOPLIST_KEY_UIMainStoryboardFile = Main;
				INFOPLIST_KEY_UISupportedInterfaceOrientations_iPad = "UIInterfaceOrientationPortrait UIInterfaceOrientationPortraitUpsideDown UIInterfaceOrientationLandscapeLeft UIInterfaceOrientationLandscapeRight";
				INFOPLIST_KEY_UISupportedInterfaceOrientations_iPhone = "UIInterfaceOrientationPortrait UIInterfaceOrientationLandscapeLeft UIInterfaceOrientationLandscapeRight";
				LD_RUNPATH_SEARCH_PATHS = (
					"$(inherited)",
					"@executable_path/Frameworks",
				);
				MARKETING_VERSION = 1.0;
				PRODUCT_BUNDLE_IDENTIFIER = deneme.LandMarkBook;
				PRODUCT_NAME = "$(TARGET_NAME)";
				SWIFT_EMIT_LOC_STRINGS = YES;
				SWIFT_VERSION = 5.0;
				TARGETED_DEVICE_FAMILY = "1,2";
			};
			name = Debug;
		};
		2DAFE5AE278828C500B6A878 /* Release */ = {
			isa = XCBuildConfiguration;
			buildSettings = {
				ASSETCATALOG_COMPILER_APPICON_NAME = AppIcon;
				ASSETCATALOG_COMPILER_GLOBAL_ACCENT_COLOR_NAME = AccentColor;
				CODE_SIGN_STYLE = Automatic;
				CURRENT_PROJECT_VERSION = 1;
				GENERATE_INFOPLIST_FILE = YES;
				INFOPLIST_FILE = LandMarkBook/Info.plist;
				INFOPLIST_KEY_UIApplicationSupportsIndirectInputEvents = YES;
				INFOPLIST_KEY_UILaunchStoryboardName = LaunchScreen;
				INFOPLIST_KEY_UIMainStoryboardFile = Main;
				INFOPLIST_KEY_UISupportedInterfaceOrientations_iPad = "UIInterfaceOrientationPortrait UIInterfaceOrientationPortraitUpsideDown UIInterfaceOrientationLandscapeLeft UIInterfaceOrientationLandscapeRight";
				INFOPLIST_KEY_UISupportedInterfaceOrientations_iPhone = "UIInterfaceOrientationPortrait UIInterfaceOrientationLandscapeLeft UIInterfaceOrientationLandscapeRight";
				LD_RUNPATH_SEARCH_PATHS = (
					"$(inherited)",
					"@executable_path/Frameworks",
				);
				MARKETING_VERSION = 1.0;
				PRODUCT_BUNDLE_IDENTIFIER = deneme.LandMarkBook;
				PRODUCT_NAME = "$(TARGET_NAME)";
				SWIFT_EMIT_LOC_STRINGS = YES;
				SWIFT_VERSION = 5.0;
				TARGETED_DEVICE_FAMILY = "1,2";
			};
			name = Release;
		};
/* End XCBuildConfiguration section */

/* Begin XCConfigurationList section */
		2DAFE593278828C400B6A878 /* Build configuration list for PBXProject "LandMarkBook" */ = {
			isa = XCConfigurationList;
			buildConfigurations = (
				2DAFE5AA278828C500B6A878 /* Debug */,
				2DAFE5AB278828C500B6A878 /* Release */,
			);
			defaultConfigurationIsVisible = 0;
			defaultConfigurationName = Release;
		};
		2DAFE5AC278828C500B6A878 /* Build configuration list for PBXNativeTarget "LandMarkBook" */ = {
			isa = XCConfigurationList;
			buildConfigurations = (
				2DAFE5AD278828C500B6A878 /* Debug */,
				2DAFE5AE278828C500B6A878 /* Release */,
			);
			defaultConfigurationIsVisible = 0;
			defaultConfigurationName = Release;
		};
/* End XCConfigurationList section */
	};
	rootObject = 2DAFE590278828C400B6A878 /* Project object */;
}
